dmitri.shuralyov.com/gpu/mtl v0.0.0-20221208032759-85de2813cf6b h1:a26Bdkl2B9PmYN6vGXnnfB2UGKjz0Moif1aEg+xTd7M=
dmitri.shuralyov.com/gpu/mtl v0.0.0-20221208032759-85de2813cf6b/go.mod h1:H6x//7gZCb22OMCxBHrMx7a5I7Hp++hsVxbQ4BYO7hU=
github.com/ajstarks/svgo v0.0.0-20180226025133-644b8db467af/go.mod h1:K08gAheRH3/J6wwsYMMT4xOr94bZjxIelGM0+d/wbFw=
github.com/apaxa-go/helper v0.0.0-20180607175117-61d31b1c31c3 h1:badF2fxl2BsWu2f01OYRU9cNnbrOSoOlayijH7r9ip4=
github.com/apaxa-go/helper v0.0.0-20180607175117-61d31b1c31c3/go.mod h1:42ENZ1Wd+1+1pgQWSQ/naAWaaP/uKw1zmnrMzBBNyTQ=
github.com/davecgh/go-spew v1.1.0/go.mod h1:J7Y8YcW2NihsgmVo/mv3lAwl/skON4iLHjSsI+c5H38=
github.com/davecgh/go-spew v1.1.1 h1:vj9j/u1bqnvCEfJOwUhtlOARqs3+rkHYY13jYWTU97c=
github.com/davecgh/go-spew v1.1.1/go.mod h1:J7Y8YcW2NihsgmVo/mv3lAwl/skON4iLHjSsI+c5H38=
github.com/dchest/siphash v1.2.2 h1:9DFz8tQwl9pTVt5iok/9zKyzA1Q6bRGiF3HPiEEVr9I=
github.com/dchest/siphash v1.2.2/go.mod h1:q+IRvb2gOSrUnYoPqHiyHXS0FOBBOdl6tONBlVnOnt4=
github.com/dgryski/go-cuckoof v0.0.0-20141216090059-800a4db6becf h1:ljUeWVrHOIAd9w4HLnbJBUwT4MINLhgiscS+tlpWgmU=
github.com/dgryski/go-cuckoof v0.0.0-20141216090059-800a4db6becf/go.mod h1:N5cDYQTi2YMN6A1S3nGGEqiHoEfVLrGzMb3o8ElSgdU=
github.com/edsrzf/mmap-go v1.0.0 h1:CEBF7HpRnUCSJgGUb5h1Gm7e3VkmVDrR8lvWVLtrOFw=
github.com/edsrzf/mmap-go v1.0.0/go.mod h1:YO35OhQPt3KJa3ryjFM5Bs14WD66h8eGKpfaBNrHW5M=
github.com/egonelbre/async v0.0.0-20180428125808-52e5b9c6d8ca h1:itwMF54ep0rjYe4GtkjCQVfV3imgEOKfGBECeLC6kvk=
github.com/egonelbre/async v0.0.0-20180428125808-52e5b9c6d8ca/go.mod h1:rl9mUiifNmlmfTguAMdyZnEBjDQngNWsxaMT4TTx7s8=
github.com/faiface/glhf v0.0.0-20181018222622-82a6317ac380 h1:FvZ0mIGh6b3kOITxUnxS3tLZMh7yEoHo75v3/AgUqg0=
github.com/faiface/glhf v0.0.0-20181018222622-82a6317ac380/go.mod h1:zqnPFFIuYFFxl7uH2gYByJwIVKG7fRqlqQCbzAnHs9g=
github.com/faiface/mainthread v0.0.0-20171120011319-8b78f0a41ae3 h1:baVdMKlASEHrj19iqjARrPbaRisD7EuZEVJj6ZMLl1Q=
github.com/faiface/mainthread v0.0.0-20171120011319-8b78f0a41ae3/go.mod h1:VEPNJUlxl5KdWjDvz6Q1l+rJlxF2i6xqDeGuGAxa87M=
github.com/faiface/pixel v0.10.0 h1:EHm3ZdQw2Ck4y51cZqFfqQpwLqNHOoXwbNEc9Dijql0=
github.com/faiface/pixel v0.10.0/go.mod h1:lU0YYcW77vL0F1CG8oX51GXurymL45MXd57otHNLK7A=
github.com/fogleman/gg v1.2.1-0.20190220221249-0403632d5b90/go.mod h1:R/bRT+9gY/C5z7JzPU0zXsXHKM4/ayA+zqcVNZzPa1k=
github.com/go-gl/gl v0.0.0-20190320180904-bf2b1f2f34d7 h1:SCYMcCJ89LjRGwEa0tRluNRiMjZHalQZrVrvTbPh+qw=
github.com/go-gl/gl v0.0.0-20190320180904-bf2b1f2f34d7/go.mod h1:482civXOzJJCPzJ4ZOX/pwvXBWSnzD4OKMdH4ClKGbk=
github.com/go-gl/glfw v0.0.0-20201108214237-06ea97f0c265 h1:y+9kl/LaBMwLfNwCg5BbnHIWBGKeYokXTSBhGnwWcB8=
github.com/go-gl/glfw v0.0.0-20201108214237-06ea97f0c265/go.mod h1:vR7hzQXu2zJy9AVAgeJqvqgH9Q5CA+iKCZ2gyEVpxRU=
github.com/go-gl/glfw/v3.3/glfw v0.0.0-20191125211704-12ad95a8df72/go.mod h1:tQ2UAYgL5IevRw8kRxooKSPJfGvJ9fJQFa0TUsXzTg8=
github.com/go-gl/glfw/v3.3/glfw v0.0.0-20200222043503-6f7a984d4dc4 h1:WtGNWLvXpe6ZudgnXrq0barxBImvnnJoMEhXAzcbM0I=
github.com/go-gl/glfw/v3.3/glfw v0.0.0-20200222043503-6f7a984d4dc4/go.mod h1:tQ2UAYgL5IevRw8kRxooKSPJfGvJ9fJQFa0TUsXzTg8=
github.com/go-gl/mathgl v0.0.0-20190416160123-c4601bc793c7/go.mod h1:yhpkQzEiH9yPyxDUGzkmgScbaBVlhC06qodikEM0ZwQ=
github.com/go-gl/mathgl v1.0.0 h1:t9DznWJlXxxjeeKLIdovCOVJQk/GzDEL7h/h+Ro2B68=
github.com/go-gl/mathgl v1.0.0/go.mod h1:yhpkQzEiH9yPyxDUGzkmgScbaBVlhC06qodikEM0ZwQ=
github.com/golang/freetype v0.0.0-20170609003504-e2365dfdc4a0/go.mod h1:E/TSTwGwJL78qG/PmXZO1EjYhfJinVAhrmmHX6Z8B9k=
github.com/jezek/xgb v1.0.0 h1:s2rRzAV8KQRlpsYA7Uyxoidv1nodMF0m6dIG6FhhVLQ=
github.com/jezek/xgb v1.0.0/go.mod h1:nrhwO0FX/enq75I7Y7G8iN1ubpSGZEiA3v9e9GyRFlk=
github.com/jung-kurt/gofpdf v1.0.3-0.20190309125859-24315acbbda5/go.mod h1:7Id9E/uU8ce6rXgefFLlgrJj/GYY22cpxn+r32jIOes=
github.com/loov/combiner v0.1.0 h1:dsuQXwXatbOyQEtUMIC6gQrLFf8s4dMAxhirx8rZMWo=
github.com/loov/combiner v0.1.0/go.mod h1:+eVsh5913aaphKWIFVyjl58T4sHyGBE5OXiQj7++C3s=
github.com/loov/hrtime v1.0.3 h1:LiWKU3B9skJwRPUf0Urs9+0+OE3TxdMuiRPOTwR0gcU=
github.com/loov/hrtime v1.0.3/go.mod h1:yDY3Pwv2izeY4sq7YcPX/dtLwzg5NU1AxWuWxKwd0p0=
github.com/mattn/go-runewidth v0.0.9 h1:Lm995f3rfxdpd6TSmuVCHVb/QhupuXlYr8sCI/QdE+0=
github.com/mattn/go-runewidth v0.0.9/go.mod h1:H031xJmbD/WCDINGzjvQ9THkh0rPKHF+m2gUSrubnMI=
github.com/montanaflynn/stats v0.6.4 h1:ZaPgdYrxEyFUovAKlUKInQHcDhwvjq7HtjwREE7ys68=
github.com/montanaflynn/stats v0.6.4/go.mod h1:etXPPgVO6n31NxCd9KQUMvCM+ve0ruNzt6R8Bnaayow=
github.com/nsf/termbox-go v0.0.0-20210114135735-d04385b850e8 h1:3vzIuru1svOK2sXlg4XcrO3KkGRneIejmfQfR+ptSW8=
github.com/nsf/termbox-go v0.0.0-20210114135735-d04385b850e8/go.mod h1:T0cTdVuOwf7pHQNtfhnEbzHbcNyCEcVU4YPpouCbVxo=
github.com/pkg/errors v0.8.1/go.mod h1:bwawxfHBFNV+L2hUp1rHADufV3IMtnDRdf1r5NINEl0=
github.com/pkg/errors v0.9.1 h1:FEBLx1zS214owpjy7qsBeixbURkuhQAwrK5UwLGTwt4=
github.com/pkg/errors v0.9.1/go.mod h1:bwawxfHBFNV+L2hUp1rHADufV3IMtnDRdf1r5NINEl0=
github.com/pkg/profile v1.5.0 h1:042Buzk+NhDI+DeSAA62RwJL8VAuZUMQZUjCsRz1Mug=
github.com/pkg/profile v1.5.0/go.mod h1:qBsxPvzyUincmltOk6iyRVxHYg4adc0OFOv72ZdLa18=
github.com/pmezard/go-difflib v1.0.0 h1:4DBwDE0NGyQoBHbLQYPwSUPoCMWR5BEzIk/f1lZbAQM=
github.com/pmezard/go-difflib v1.0.0/go.mod h1:iKH77koFhYxTK1pcRnkKkqfTogsbg7gZNVY4sRDYZ/4=
github.com/shawnsmithdev/zermelo v1.0.3 h1:52xT4UMqDgLj9lv/hLp1Wxc0o7EBsCqgiXW6bjdfqPQ=
github.com/shawnsmithdev/zermelo v1.0.3/go.mod h1:q5IpahxP6gXqPPW7vt+CwZsFFYtWAL+yfMFX/yrNLOo=
github.com/stretchr/objx v0.1.0/go.mod h1:HFkY916IF+rwdDfMAkV7OtwuqBVzrE8GR6GFx+wExME=
github.com/stretchr/objx v0.4.0/go.mod h1:YvHI0jy2hoMjB+UWwv71VJQ9isScKT/TqJzVSSt89Yw=
github.com/stretchr/objx v0.5.0/go.mod h1:Yh+to48EsGEfYuaHDzXPcE3xhTkx73EhmCGUpEOglKo=
github.com/stretchr/testify v1.3.0/go.mod h1:M5WIy9Dh21IEIfnGCwXGc5bZfKNJtfHm1UVUgZn+9EI=
github.com/stretchr/testify v1.7.1/go.mod h1:6Fq8oRcR53rry900zMqJjRRixrwX3KX962/h/Wwjteg=
github.com/stretchr/testify v1.8.0/go.mod h1:yNjHg4UonilssWZ8iaSj1OCr/vHnekPRkoO+kdMU+MU=
github.com/stretchr/testify v1.8.1 h1:w7B6lhMri9wdJUVmEZPGGhZzrYTPvgJArz7wNPgYKsk=
github.com/stretchr/testify v1.8.1/go.mod h1:w2LPCIKwWwSfY2zedu0+kehJoqGctiVI29o6fzry7u4=
github.com/yuin/goldmark v1.4.13/go.mod h1:6yULJ656Px+3vBD8DxQVa3kxgyrAnzto9xy5taEt/CY=
github.com/zeebo/assert v1.1.0/go.mod h1:Pq9JiuJQpG8JLJdtkwrJESF0Foym2/D9XMU5ciN/wJ0=
github.com/zeebo/assert v1.3.0 h1:g7C04CbJuIDKNPFHmsk4hwZDO5O+kntRxzaUoNXj+IQ=
github.com/zeebo/mwc v0.0.4 h1:9dNXNLtUB4lUXoXgyhy3YrKoV0OD7oRiu907YMS0nl0=
github.com/zeebo/mwc v0.0.4/go.mod h1:qNHfgp/ZCpQNcJHwKcO5EP3VgaBrW6DPohsK4QfyxxE=
github.com/zeebo/pcg v1.0.0 h1:dt+dx+HvX8g7Un32rY9XWoYnd0NmKmrIzpHF7qiTDj0=
github.com/zeebo/pcg v1.0.0/go.mod h1:09F0S9iiKrwn9rlI5yjLkmrug154/YRW6KnnXVDM/l4=
golang.org/x/crypto v0.0.0-20190308221718-c2843e01d9a2/go.mod h1:djNgcEr1/C05ACkg1iLfiJU5Ep61QUkGW8qpdssI0+w=
golang.org/x/crypto v0.0.0-20210921155107-089bfa567519/go.mod h1:GvvjBRRGRdwPK5ydBHafDWAxML/pGHZbMvKqRZ5+Abc=
golang.org/x/crypto v0.6.0 h1:qfktjS5LUO+fFKeJXZ+ikTRijMmljikvG68fpMMruSc=
golang.org/x/crypto v0.6.0/go.mod h1:OFC/31mSvZgRz0V1QTNCzfAI1aIRzbiufJtkMIlEp58=
golang.org/x/exp v0.0.0-20180321215751-8460e604b9de/go.mod h1:CJ0aWSM057203Lf6IL+f9T1iT9GByDxfZKAQTCR3kQA=
golang.org/x/exp v0.0.0-20180807140117-3d87b88a115f/go.mod h1:CJ0aWSM057203Lf6IL+f9T1iT9GByDxfZKAQTCR3kQA=
golang.org/x/exp v0.0.0-20190125153040-c74c464bbbf2/go.mod h1:CJ0aWSM057203Lf6IL+f9T1iT9GByDxfZKAQTCR3kQA=
golang.org/x/exp v0.0.0-20230213192124-5e25df0256eb h1:PaBZQdo+iSDyHT053FjUCgZQ/9uqVwPOcl7KSWhKn6w=
golang.org/x/exp v0.0.0-20230213192124-5e25df0256eb/go.mod h1:CxIveKay+FTh1D0yPZemJVgC/95VzuuOLq5Qi4xnoYc=
golang.org/x/exp/shiny v0.0.0-20230213192124-5e25df0256eb h1:gdeQX7xJSkTNF+Sw7++XNIOo4pGL0CjQv3N2Vm1Erxk=
golang.org/x/exp/shiny v0.0.0-20230213192124-5e25df0256eb/go.mod h1:UH99kUObWAZkDnWqppdQe5ZhPYESUw8I0zVV1uWBR+0=
golang.org/x/image v0.0.0-20180708004352-c73c2afc3b81/go.mod h1:ux5Hcp/YLpHSI86hEcLt0YII63i6oz57MZXIpbrjZUs=
golang.org/x/image v0.0.0-20190321063152-3fc05d484e9f/go.mod h1:kZ7UVZpmo3dzQBMxlp+ypCbDeSB+sBbTgSJuh5dn5js=
golang.org/x/image v0.0.0-20190523035834-f03afa92d3ff/go.mod h1:kZ7UVZpmo3dzQBMxlp+ypCbDeSB+sBbTgSJuh5dn5js=
golang.org/x/image v0.5.0 h1:5JMiNunQeQw++mMOz48/ISeNu3Iweh/JaZU8ZLqHRrI=
golang.org/x/image v0.5.0/go.mod h1:FVC7BI/5Ym8R25iw5OLsgshdUBbT1h5jZTpA+mvAdZ4=
golang.org/x/mobile v0.0.0-20221110043201-43a038452099 h1:aIu0lKmfdgtn2uTj7JI2oN4TUrQvgB+wzTPO23bCKt8=
golang.org/x/mobile v0.0.0-20221110043201-43a038452099/go.mod h1:aAjjkJNdrh3PMckS4B10TGS2nag27cbKR1y2BpUxsiY=
golang.org/x/mod v0.6.0-dev.0.20220419223038-86c51ed26bb4/go.mod h1:jJ57K6gSWd91VN4djpZkiMVwK6gcyfeH4XE8wZrZaV4=
golang.org/x/mod v0.10.0 h1:lFO9qtOdlre5W1jxS3r/4szv2/6iXxScdzjoBMXNhYk=
golang.org/x/mod v0.10.0/go.mod h1:iBbtSCu2XBx23ZKBPSOrRkjjQPZFPuis4dIYUhu/chs=
golang.org/x/net v0.0.0-20190620200207-3b0461eec859/go.mod h1:z5CRVTTTmAJ677TzLLGU+0bjPO0LkuOLi4/5GtJWs/s=
golang.org/x/net v0.0.0-20210226172049-e18ecbb05110/go.mod h1:m0MpNAwzfU5UDzcl9v0D8zg8gWTRqZa9RBIspLL5mdg=
golang.org/x/net v0.0.0-20220722155237-a158d28d115b/go.mod h1:XRhObCWvk6IyKnWLug+ECip1KBveYUHfp+8e9klMJ9c=
golang.org/x/sync v0.0.0-20190423024810-112230192c58/go.mod h1:RxMgew5VJxzue5/jJTE5uejpjVlOe/izrB70Jof72aM=
golang.org/x/sync v0.0.0-20220722155255-886fb9371eb4/go.mod h1:RxMgew5VJxzue5/jJTE5uejpjVlOe/izrB70Jof72aM=
golang.org/x/sync v0.2.0 h1:PUR+T4wwASmuSTYdKjYHI5TD22Wy5ogLU5qZCOLxBrI=
golang.org/x/sys v0.0.0-20190215142949-d0b11bdaac8a/go.mod h1:STP8DvDyc/dI5b8T5hshtkjS+E42TnysNCUPdjciGhY=
golang.org/x/sys v0.0.0-20201119102817-f84b799fce68/go.mod h1:h1NjWce9XRLGQEsW7wpKNCjG9DtNlClVuFLEZdDNbEs=
golang.org/x/sys v0.0.0-20210615035016-665e8c7367d1/go.mod h1:oPkhp1MJrh7nUepCBck5+mAzfO9JrbApNNgaTdGDITg=
golang.org/x/sys v0.0.0-20220520151302-bc2c85ada10a/go.mod h1:oPkhp1MJrh7nUepCBck5+mAzfO9JrbApNNgaTdGDITg=
golang.org/x/sys v0.0.0-20220722155257-8c9f86f7a55f/go.mod h1:oPkhp1MJrh7nUepCBck5+mAzfO9JrbApNNgaTdGDITg=
golang.org/x/sys v0.8.0 h1:EBmGv8NaZBZTWvrbjNoL6HVt+IVy3QDQpJs7VRIw3tU=
golang.org/x/sys v0.8.0/go.mod h1:oPkhp1MJrh7nUepCBck5+mAzfO9JrbApNNgaTdGDITg=
golang.org/x/term v0.0.0-20201126162022-7de9c90e9dd1/go.mod h1:bj7SfCRtBDWHUb9snDiAeCFNEtKQo2Wmx5Cou7ajbmo=
golang.org/x/term v0.0.0-20210927222741-03fcf44c2211/go.mod h1:jbD1KX2456YbFQfuXm/mYQcufACuNUgVhRMnK/tPxf8=
golang.org/x/text v0.3.0/go.mod h1:NqM8EUOU14njkJ3fqMW+pc6Ldnwhi/IjpwHt7yyuwOQ=
golang.org/x/text v0.3.3/go.mod h1:5Zoc/QRtKVWzQhOtBMvqHzDpF6irO9z98xDceosuGiQ=
golang.org/x/text v0.3.7/go.mod h1:u+2+/6zg+i71rQMx5EYifcz6MCKuco9NR6JIITiCfzQ=
golang.org/x/text v0.7.0 h1:4BRB4x83lYWy72KwLD/qYDuTu7q9PjSagHvijDw7cLo=
golang.org/x/text v0.7.0/go.mod h1:mrYo+phRRbMaCq/xk9113O4dZlRixOauAjOtrjsXDZ8=
golang.org/x/tools v0.0.0-20180525024113-a5b4c53f6e8b/go.mod h1:n7NCudcB/nEzxVGmLbDWY5pfWTLqBcC2KZ6jyYvM4mQ=
golang.org/x/tools v0.0.0-20180917221912-90fa682c2a6e/go.mod h1:n7NCudcB/nEzxVGmLbDWY5pfWTLqBcC2KZ6jyYvM4mQ=
golang.org/x/tools v0.0.0-20190206041539-40960b6deb8e/go.mod h1:n7NCudcB/nEzxVGmLbDWY5pfWTLqBcC2KZ6jyYvM4mQ=
golang.org/x/tools v0.0.0-20191119224855-298f0cb1881e/go.mod h1:b+2E5dAYhXwXZwtnZ6UAqBI28+e2cm9otk0dWdXHAEo=
golang.org/x/tools v0.1.12/go.mod h1:hNGJHUnrk76NpqgfD5Aqm5Crs+Hm0VOH/i9J2+nxYbc=
golang.org/x/tools v0.9.1 h1:8WMNJAz3zrtPmnYC7ISf5dEn3MT0gY7jBJfw27yrrLo=
golang.org/x/tools v0.9.1/go.mod h1:owI94Op576fPu3cIGQeHs3joujW/2Oc6MtlxbF5dfNc=
golang.org/x/xerrors v0.0.0-20190717185122-a985d3407aa7/go.mod h1:I/5z698sn9Ka8TeJc9MKroUUfqBBauWjQqLJ2OPfmY0=
gonum.org/v1/gonum v0.0.0-20180816165407-929014505bf4/go.mod h1:Y+Yx5eoAFn32cQvJDxZx5Dpnq+c3wtXuadVZAcxbbBo=
gonum.org/v1/gonum v0.8.2 h1:CCXrcPKiGGotvnN6jfUsKk4rRqm7q09/YbKb5xCEvtM=
gonum.org/v1/gonum v0.8.2/go.mod h1:oe/vMfY3deqTw+1EZJhuvEW2iwGF1bW9wwu7XCu0+v0=
gonum.org/v1/netlib v0.0.0-20190313105609-8cb42192e0e0 h1:OE9mWmgKkjJyEmDAAtGMPjXu+YNeGvK9VTSHY6+Qihc=
gonum.org/v1/netlib v0.0.0-20190313105609-8cb42192e0e0/go.mod h1:wa6Ws7BG/ESfp6dHfk7C6KdzKA7wR7u/rKwOGE66zvw=
gonum.org/v1/plot v0.0.0-20190515093506-e2840ee46a6b/go.mod h1:Wt8AAjI+ypCyYX3nZBvf6cAIx93T+c/OS2HFAYskSZc=
gopkg.in/check.v1 v0.0.0-20161208181325-20d25e280405/go.mod h1:Co6ibVJAznAaIkqp8huTwlJQCZ016jof/cbN4VW5Yz0=
gopkg.in/yaml.v3 v3.0.0-20200313102051-9f266ea9e77c/go.mod h1:K4uyk7z7BCEPqu6E+C64Yfv1cQ7kz7rIZviUmN+EgEM=
gopkg.in/yaml.v3 v3.0.1 h1:fxVm/GzAzEWqLHuvctI91KS9hhNmmWOoWu0XTYJS7CA=
gopkg.in/yaml.v3 v3.0.1/go.mod h1:K4uyk7z7BCEPqu6E+C64Yfv1cQ7kz7rIZviUmN+EgEM=
honnef.co/go/js/dom/v2 v2.0.0-20200509013220-d4405f7ab4d8 h1:wEmxE7Y1Kwm9Nrzl+0+yYt3uGXkaqbEYLuRzl/hSDgE=
honnef.co/go/js/dom/v2 v2.0.0-20200509013220-d4405f7ab4d8/go.mod h1:H5R0jAIe6IchQE778FS2QcrNVgS4vPFb0HPb72n/IJI=
loov.dev/diagram v0.0.0-20200428131328-71c74e2166f9 h1:I4m5XjSM8JXhySTx3D0x2w4pouaN5iMKNfF6fFISg+E=
loov.dev/diagram v0.0.0-20200428131328-71c74e2166f9/go.mod h1:yHyE+blkp7HRe3Z8xjs3sqM1Qgbq911T+NclGrbo9v0=
rsc.io/pdf v0.1.1/go.mod h1:n8OzWcQ6Sp37PL01nO98y4iUCRdTGarVfzxY20ICaU4=
